// !$*UTF8*$!
{
	archiveVersion = 1;
	classes = {
	};
	objectVersion = 56;
	objects = {

/* Begin PBXBuildFile section */
		B9D5644C2BC3FA230082A283 /* EmployeeProjectApp.swift in Sources */ = {isa = PBXBuildFile; fileRef = B9D5644B2BC3FA230082A283 /* EmployeeProjectApp.swift */; };
		B9D5644E2BC3FA230082A283 /* ContentView.swift in Sources */ = {isa = PBXBuildFile; fileRef = B9D5644D2BC3FA230082A283 /* ContentView.swift */; };
		B9D564502BC3FA250082A283 /* Assets.xcassets in Resources */ = {isa = PBXBuildFile; fileRef = B9D5644F2BC3FA250082A283 /* Assets.xcassets */; };
		B9D564532BC3FA250082A283 /* Preview Assets.xcassets in Resources */ = {isa = PBXBuildFile; fileRef = B9D564522BC3FA250082A283 /* Preview Assets.xcassets */; };
		B9D5645E2BC3FAA40082A283 /* EmployeeDetailModel.swift in Sources */ = {isa = PBXBuildFile; fileRef = B9D5645D2BC3FAA40082A283 /* EmployeeDetailModel.swift */; };
		B9D564612BC3FF3B0082A283 /* NetworkingManager.swift in Sources */ = {isa = PBXBuildFile; fileRef = B9D564602BC3FF3B0082A283 /* NetworkingManager.swift */; };
		B9D564642BC3FF980082A283 /* EmployeeService.swift in Sources */ = {isa = PBXBuildFile; fileRef = B9D564632BC3FF980082A283 /* EmployeeService.swift */; };
		B9D564662BC40CB10082A283 /* ErrorMessageWrapper.swift in Sources */ = {isa = PBXBuildFile; fileRef = B9D564652BC40CB10082A283 /* ErrorMessageWrapper.swift */; };
		B9D564682BC412AC0082A283 /* CachedPhoto.swift in Sources */ = {isa = PBXBuildFile; fileRef = B9D564672BC412AC0082A283 /* CachedPhoto.swift */; };
		B9D5646B2BC413EA0082A283 /* OnBoardingScreen.swift in Sources */ = {isa = PBXBuildFile; fileRef = B9D5646A2BC413EA0082A283 /* OnBoardingScreen.swift */; };
		B9D5646E2BC4156B0082A283 /* TabBarView.swift in Sources */ = {isa = PBXBuildFile; fileRef = B9D5646D2BC4156B0082A283 /* TabBarView.swift */; };
		B9D564712BC415D50082A283 /* EmployeeListView.swift in Sources */ = {isa = PBXBuildFile; fileRef = B9D564702BC415D50082A283 /* EmployeeListView.swift */; };
		B9D564742BC42B890082A283 /* EmplooyeDetailView.swift in Sources */ = {isa = PBXBuildFile; fileRef = B9D564732BC42B890082A283 /* EmplooyeDetailView.swift */; };
		B9D564772BC42C1A0082A283 /* SettingView.swift in Sources */ = {isa = PBXBuildFile; fileRef = B9D564762BC42C1A0082A283 /* SettingView.swift */; };
/* End PBXBuildFile section */

/* Begin PBXFileReference section */
		B9D564482BC3FA230082A283 /* Assignment2.app */ = {isa = PBXFileReference; explicitFileType = wrapper.application; includeInIndex = 0; path = Assignment2.app; sourceTree = BUILT_PRODUCTS_DIR; };
		B9D5644B2BC3FA230082A283 /* EmployeeProjectApp.swift */ = {isa = PBXFileReference; lastKnownFileType = sourcecode.swift; path = EmployeeProjectApp.swift; sourceTree = "<group>"; };
		B9D5644D2BC3FA230082A283 /* ContentView.swift */ = {isa = PBXFileReference; lastKnownFileType = sourcecode.swift; path = ContentView.swift; sourceTree = "<group>"; };
		B9D5644F2BC3FA250082A283 /* Assets.xcassets */ = {isa = PBXFileReference; lastKnownFileType = folder.assetcatalog; path = Assets.xcassets; sourceTree = "<group>"; };
		B9D564522BC3FA250082A283 /* Preview Assets.xcassets */ = {isa = PBXFileReference; lastKnownFileType = folder.assetcatalog; path = "Preview Assets.xcassets"; sourceTree = "<group>"; };
		B9D5645D2BC3FAA40082A283 /* EmployeeDetailModel.swift */ = {isa = PBXFileReference; lastKnownFileType = sourcecode.swift; path = EmployeeDetailModel.swift; sourceTree = "<group>"; };
		B9D564602BC3FF3B0082A283 /* NetworkingManager.swift */ = {isa = PBXFileReference; fileEncoding = 4; lastKnownFileType = sourcecode.swift; path = NetworkingManager.swift; sourceTree = "<group>"; };
		B9D564632BC3FF980082A283 /* EmployeeService.swift */ = {isa = PBXFileReference; fileEncoding = 4; lastKnownFileType = sourcecode.swift; path = EmployeeService.swift; sourceTree = "<group>"; wrapsLines = 1; };
		B9D564652BC40CB10082A283 /* ErrorMessageWrapper.swift */ = {isa = PBXFileReference; lastKnownFileType = sourcecode.swift; path = ErrorMessageWrapper.swift; sourceTree = "<group>"; };
		B9D564672BC412AC0082A283 /* CachedPhoto.swift */ = {isa = PBXFileReference; lastKnownFileType = sourcecode.swift; path = CachedPhoto.swift; sourceTree = "<group>"; };
		B9D5646A2BC413EA0082A283 /* OnBoardingScreen.swift */ = {isa = PBXFileReference; lastKnownFileType = sourcecode.swift; path = OnBoardingScreen.swift; sourceTree = "<group>"; };
		B9D5646D2BC4156B0082A283 /* TabBarView.swift */ = {isa = PBXFileReference; lastKnownFileType = sourcecode.swift; path = TabBarView.swift; sourceTree = "<group>"; };
		B9D564702BC415D50082A283 /* EmployeeListView.swift */ = {isa = PBXFileReference; lastKnownFileType = sourcecode.swift; path = EmployeeListView.swift; sourceTree = "<group>"; };
		B9D564732BC42B890082A283 /* EmplooyeDetailView.swift */ = {isa = PBXFileReference; lastKnownFileType = sourcecode.swift; path = EmplooyeDetailView.swift; sourceTree = "<group>"; };
		B9D564762BC42C1A0082A283 /* SettingView.swift */ = {isa = PBXFileReference; lastKnownFileType = sourcecode.swift; path = SettingView.swift; sourceTree = "<group>"; };
/* End PBXFileReference section */

/* Begin PBXFrameworksBuildPhase section */
		B9D564452BC3FA230082A283 /* Frameworks */ = {
			isa = PBXFrameworksBuildPhase;
			buildActionMask = 2147483647;
			files = (
			);
			runOnlyForDeploymentPostprocessing = 0;
		};
/* End PBXFrameworksBuildPhase section */

/* Begin PBXGroup section */
		B9D5643F2BC3FA230082A283 = {
			isa = PBXGroup;
			children = (
				B9D5644A2BC3FA230082A283 /* Assignment2 */,
				B9D564492BC3FA230082A283 /* Products */,
			);
			sourceTree = "<group>";
		};
		B9D564492BC3FA230082A283 /* Products */ = {
			isa = PBXGroup;
			children = (
				B9D564482BC3FA230082A283 /* Assignment2.app */,
			);
			name = Products;
			sourceTree = "<group>";
		};
		B9D5644A2BC3FA230082A283 /* Assignment2 */ = {
			isa = PBXGroup;
			children = (
				B9D564622BC3FF840082A283 /* Services */,
				B9D5645F2BC3FF0C0082A283 /* Utilities */,
				B9D5645C2BC3FA520082A283 /* Model */,
				B9D5645B2BC3FA470082A283 /* ViewModel */,
				B9D5645A2BC3FA3C0082A283 /* View */,
				B9D564592BC3FA2E0082A283 /* Controller */,
				B9D5644F2BC3FA250082A283 /* Assets.xcassets */,
				B9D564512BC3FA250082A283 /* Preview Content */,
			);
			path = Assignment2;
			sourceTree = "<group>";
		};
		B9D564512BC3FA250082A283 /* Preview Content */ = {
			isa = PBXGroup;
			children = (
				B9D564522BC3FA250082A283 /* Preview Assets.xcassets */,
			);
			path = "Preview Content";
			sourceTree = "<group>";
		};
		B9D564592BC3FA2E0082A283 /* Controller */ = {
			isa = PBXGroup;
			children = (
				B9D564752BC42C0E0082A283 /* SettingView */,
				B9D564722BC42B730082A283 /* EmplooyeDetailView */,
				B9D5646F2BC415BF0082A283 /* EmployeeListView */,
				B9D5646C2BC415550082A283 /* TabBarView */,
				B9D564692BC413D30082A283 /* OnBoardingScreen */,
			);
			path = Controller;
			sourceTree = "<group>";
		};
		B9D5645A2BC3FA3C0082A283 /* View */ = {
			isa = PBXGroup;
			children = (
				B9D5644B2BC3FA230082A283 /* EmployeeProjectApp.swift */,
				B9D5644D2BC3FA230082A283 /* ContentView.swift */,
			);
			path = View;
			sourceTree = "<group>";
		};
		B9D5645B2BC3FA470082A283 /* ViewModel */ = {
			isa = PBXGroup;
			children = (
				B9D564652BC40CB10082A283 /* ErrorMessageWrapper.swift */,
				B9D564672BC412AC0082A283 /* CachedPhoto.swift */,
			);
			path = ViewModel;
			sourceTree = "<group>";
		};
		B9D5645C2BC3FA520082A283 /* Model */ = {
			isa = PBXGroup;
			children = (
				B9D5645D2BC3FAA40082A283 /* EmployeeDetailModel.swift */,
			);
			path = Model;
			sourceTree = "<group>";
		};
		B9D5645F2BC3FF0C0082A283 /* Utilities */ = {
			isa = PBXGroup;
			children = (
				B9D564602BC3FF3B0082A283 /* NetworkingManager.swift */,
			);
			path = Utilities;
			sourceTree = "<group>";
		};
		B9D564622BC3FF840082A283 /* Services */ = {
			isa = PBXGroup;
			children = (
				B9D564632BC3FF980082A283 /* EmployeeService.swift */,
			);
			path = Services;
			sourceTree = "<group>";
		};
		B9D564692BC413D30082A283 /* OnBoardingScreen */ = {
			isa = PBXGroup;
			children = (
				B9D5646A2BC413EA0082A283 /* OnBoardingScreen.swift */,
			);
			path = OnBoardingScreen;
			sourceTree = "<group>";
		};
		B9D5646C2BC415550082A283 /* TabBarView */ = {
			isa = PBXGroup;
			children = (
				B9D5646D2BC4156B0082A283 /* TabBarView.swift */,
			);
			path = TabBarView;
			sourceTree = "<group>";
		};
		B9D5646F2BC415BF0082A283 /* EmployeeListView */ = {
			isa = PBXGroup;
			children = (
				B9D564702BC415D50082A283 /* EmployeeListView.swift */,
			);
			path = EmployeeListView;
			sourceTree = "<group>";
		};
		B9D564722BC42B730082A283 /* EmplooyeDetailView */ = {
			isa = PBXGroup;
			children = (
				B9D564732BC42B890082A283 /* EmplooyeDetailView.swift */,
			);
			path = EmplooyeDetailView;
			sourceTree = "<group>";
		};
		B9D564752BC42C0E0082A283 /* SettingView */ = {
			isa = PBXGroup;
			children = (
				B9D564762BC42C1A0082A283 /* SettingView.swift */,
			);
			path = SettingView;
			sourceTree = "<group>";
		};
/* End PBXGroup section */

/* Begin PBXNativeTarget section */
		B9D564472BC3FA230082A283 /* Assignment2 */ = {
			isa = PBXNativeTarget;
			buildConfigurationList = B9D564562BC3FA250082A283 /* Build configuration list for PBXNativeTarget "Assignment2" */;
			buildPhases = (
				B9D564442BC3FA230082A283 /* Sources */,
				B9D564452BC3FA230082A283 /* Frameworks */,
				B9D564462BC3FA230082A283 /* Resources */,
			);
			buildRules = (
			);
			dependencies = (
			);
			name = Assignment2;
			productName = EmployeeProject;
			productReference = B9D564482BC3FA230082A283 /* Assignment2.app */;
			productType = "com.apple.product-type.application";
		};
/* End PBXNativeTarget section */

/* Begin PBXProject section */
		B9D564402BC3FA230082A283 /* Project object */ = {
			isa = PBXProject;
			attributes = {
				BuildIndependentTargetsInParallel = 1;
				LastSwiftUpdateCheck = 1520;
				LastUpgradeCheck = 1520;
				TargetAttributes = {
					B9D564472BC3FA230082A283 = {
						CreatedOnToolsVersion = 15.2;
					};
				};
			};
			buildConfigurationList = B9D564432BC3FA230082A283 /* Build configuration list for PBXProject "Assignment2" */;
			compatibilityVersion = "Xcode 14.0";
			developmentRegion = en;
			hasScannedForEncodings = 0;
			knownRegions = (
				en,
				Base,
			);
			mainGroup = B9D5643F2BC3FA230082A283;
			productRefGroup = B9D564492BC3FA230082A283 /* Products */;
			projectDirPath = "";
			projectRoot = "";
			targets = (
				B9D564472BC3FA230082A283 /* Assignment2 */,
			);
		};
/* End PBXProject section */

/* Begin PBXResourcesBuildPhase section */
		B9D564462BC3FA230082A283 /* Resources */ = {
			isa = PBXResourcesBuildPhase;
			buildActionMask = 2147483647;
			files = (
				B9D564532BC3FA250082A283 /* Preview Assets.xcassets in Resources */,
				B9D564502BC3FA250082A283 /* Assets.xcassets in Resources */,
			);
			runOnlyForDeploymentPostprocessing = 0;
		};
/* End PBXResourcesBuildPhase section */

/* Begin PBXSourcesBuildPhase section */
		B9D564442BC3FA230082A283 /* Sources */ = {
			isa = PBXSourcesBuildPhase;
			buildActionMask = 2147483647;
			files = (
				B9D564662BC40CB10082A283 /* ErrorMessageWrapper.swift in Sources */,
				B9D5646E2BC4156B0082A283 /* TabBarView.swift in Sources */,
				B9D5644E2BC3FA230082A283 /* ContentView.swift in Sources */,
				B9D564682BC412AC0082A283 /* CachedPhoto.swift in Sources */,
				B9D564612BC3FF3B0082A283 /* NetworkingManager.swift in Sources */,
				B9D564742BC42B890082A283 /* EmplooyeDetailView.swift in Sources */,
				B9D5646B2BC413EA0082A283 /* OnBoardingScreen.swift in Sources */,
				B9D564712BC415D50082A283 /* EmployeeListView.swift in Sources */,
				B9D5645E2BC3FAA40082A283 /* EmployeeDetailModel.swift in Sources */,
				B9D564772BC42C1A0082A283 /* SettingView.swift in Sources */,
				B9D564642BC3FF980082A283 /* EmployeeService.swift in Sources */,
				B9D5644C2BC3FA230082A283 /* EmployeeProjectApp.swift in Sources */,
			);
			runOnlyForDeploymentPostprocessing = 0;
		};
/* End PBXSourcesBuildPhase section */

/* Begin XCBuildConfiguration section */
		B9D564542BC3FA250082A283 /* Debug */ = {
			isa = XCBuildConfiguration;
			buildSettings = {
				ALWAYS_SEARCH_USER_PATHS = NO;
				ASSETCATALOG_COMPILER_GENERATE_SWIFT_ASSET_SYMBOL_EXTENSIONS = YES;
				CLANG_ANALYZER_NONNULL = YES;
				CLANG_ANALYZER_NUMBER_OBJECT_CONVERSION = YES_AGGRESSIVE;
				CLANG_CXX_LANGUAGE_STANDARD = "gnu++20";
				CLANG_ENABLE_MODULES = YES;
				CLANG_ENABLE_OBJC_ARC = YES;
				CLANG_ENABLE_OBJC_WEAK = YES;
				CLANG_WARN_BLOCK_CAPTURE_AUTORELEASING = YES;
				CLANG_WARN_BOOL_CONVERSION = YES;
				CLANG_WARN_COMMA = YES;
				CLANG_WARN_CONSTANT_CONVERSION = YES;
				CLANG_WARN_DEPRECATED_OBJC_IMPLEMENTATIONS = YES;
				CLANG_WARN_DIRECT_OBJC_ISA_USAGE = YES_ERROR;
				CLANG_WARN_DOCUMENTATION_COMMENTS = YES;
				CLANG_WARN_EMPTY_BODY = YES;
				CLANG_WARN_ENUM_CONVERSION = YES;
				CLANG_WARN_INFINITE_RECURSION = YES;
				CLANG_WARN_INT_CONVERSION = YES;
				CLANG_WARN_NON_LITERAL_NULL_CONVERSION = YES;
				CLANG_WARN_OBJC_IMPLICIT_RETAIN_SELF = YES;
				CLANG_WARN_OBJC_LITERAL_CONVERSION = YES;
				CLANG_WARN_OBJC_ROOT_CLASS = YES_ERROR;
				CLANG_WARN_QUOTED_INCLUDE_IN_FRAMEWORK_HEADER = YES;
				CLANG_WARN_RANGE_LOOP_ANALYSIS = YES;
				CLANG_WARN_STRICT_PROTOTYPES = YES;
				CLANG_WARN_SUSPICIOUS_MOVE = YES;
				CLANG_WARN_UNGUARDED_AVAILABILITY = YES_AGGRESSIVE;
				CLANG_WARN_UNREACHABLE_CODE = YES;
				CLANG_WARN__DUPLICATE_METHOD_MATCH = YES;
				COPY_PHASE_STRIP = NO;
				DEBUG_INFORMATION_FORMAT = dwarf;
				ENABLE_STRICT_OBJC_MSGSEND = YES;
				ENABLE_TESTABILITY = YES;
				ENABLE_USER_SCRIPT_SANDBOXING = YES;
				GCC_C_LANGUAGE_STANDARD = gnu17;
				GCC_DYNAMIC_NO_PIC = NO;
				GCC_NO_COMMON_BLOCKS = YES;
				GCC_OPTIMIZATION_LEVEL = 0;
				GCC_PREPROCESSOR_DEFINITIONS = (
					"DEBUG=1",
					"$(inherited)",
				);
				GCC_WARN_64_TO_32_BIT_CONVERSION = YES;
				GCC_WARN_ABOUT_RETURN_TYPE = YES_ERROR;
				GCC_WARN_UNDECLARED_SELECTOR = YES;
				GCC_WARN_UNINITIALIZED_AUTOS = YES_AGGRESSIVE;
				GCC_WARN_UNUSED_FUNCTION = YES;
				GCC_WARN_UNUSED_VARIABLE = YES;
				IPHONEOS_DEPLOYMENT_TARGET = 17.0;
				LOCALIZATION_PREFERS_STRING_CATALOGS = YES;
				MTL_ENABLE_DEBUG_INFO = INCLUDE_SOURCE;
				MTL_FAST_MATH = YES;
				ONLY_ACTIVE_ARCH = YES;
				SDKROOT = iphoneos;
				SWIFT_ACTIVE_COMPILATION_CONDITIONS = "DEBUG $(inherited)";
				SWIFT_OPTIMIZATION_LEVEL = "-Onone";
			};
			name = Debug;
		};
		B9D564552BC3FA250082A283 /* Release */ = {
			isa = XCBuildConfiguration;
			buildSettings = {
				ALWAYS_SEARCH_USER_PATHS = NO;
				ASSETCATALOG_COMPILER_GENERATE_SWIFT_ASSET_SYMBOL_EXTENSIONS = YES;
				CLANG_ANALYZER_NONNULL = YES;
				CLANG_ANALYZER_NUMBER_OBJECT_CONVERSION = YES_AGGRESSIVE;
				CLANG_CXX_LANGUAGE_STANDARD = "gnu++20";
				CLANG_ENABLE_MODULES = YES;
				CLANG_ENABLE_OBJC_ARC = YES;
				CLANG_ENABLE_OBJC_WEAK = YES;
				CLANG_WARN_BLOCK_CAPTURE_AUTORELEASING = YES;
				CLANG_WARN_BOOL_CONVERSION = YES;
				CLANG_WARN_COMMA = YES;
				CLANG_WARN_CONSTANT_CONVERSION = YES;
				CLANG_WARN_DEPRECATED_OBJC_IMPLEMENTATIONS = YES;
				CLANG_WARN_DIRECT_OBJC_ISA_USAGE = YES_ERROR;
				CLANG_WARN_DOCUMENTATION_COMMENTS = YES;
				CLANG_WARN_EMPTY_BODY = YES;
				CLANG_WARN_ENUM_CONVERSION = YES;
				CLANG_WARN_INFINITE_RECURSION = YES;
				CLANG_WARN_INT_CONVERSION = YES;
				CLANG_WARN_NON_LITERAL_NULL_CONVERSION = YES;
				CLANG_WARN_OBJC_IMPLICIT_RETAIN_SELF = YES;
				CLANG_WARN_OBJC_LITERAL_CONVERSION = YES;
				CLANG_WARN_OBJC_ROOT_CLASS = YES_ERROR;
				CLANG_WARN_QUOTED_INCLUDE_IN_FRAMEWORK_HEADER = YES;
				CLANG_WARN_RANGE_LOOP_ANALYSIS = YES;
				CLANG_WARN_STRICT_PROTOTYPES = YES;
				CLANG_WARN_SUSPICIOUS_MOVE = YES;
				CLANG_WARN_UNGUARDED_AVAILABILITY = YES_AGGRESSIVE;
				CLANG_WARN_UNREACHABLE_CODE = YES;
				CLANG_WARN__DUPLICATE_METHOD_MATCH = YES;
				COPY_PHASE_STRIP = NO;
				DEBUG_INFORMATION_FORMAT = "dwarf-with-dsym";
				ENABLE_NS_ASSERTIONS = NO;
				ENABLE_STRICT_OBJC_MSGSEND = YES;
				ENABLE_USER_SCRIPT_SANDBOXING = YES;
				GCC_C_LANGUAGE_STANDARD = gnu17;
				GCC_NO_COMMON_BLOCKS = YES;
				GCC_WARN_64_TO_32_BIT_CONVERSION = YES;
				GCC_WARN_ABOUT_RETURN_TYPE = YES_ERROR;
				GCC_WARN_UNDECLARED_SELECTOR = YES;
				GCC_WARN_UNINITIALIZED_AUTOS = YES_AGGRESSIVE;
				GCC_WARN_UNUSED_FUNCTION = YES;
				GCC_WARN_UNUSED_VARIABLE = YES;
				IPHONEOS_DEPLOYMENT_TARGET = 17.0;
				LOCALIZATION_PREFERS_STRING_CATALOGS = YES;
				MTL_ENABLE_DEBUG_INFO = NO;
				MTL_FAST_MATH = YES;
				SDKROOT = iphoneos;
				SWIFT_COMPILATION_MODE = wholemodule;
				VALIDATE_PRODUCT = YES;
			};
			name = Release;
		};
		B9D564572BC3FA250082A283 /* Debug */ = {
			isa = XCBuildConfiguration;
			buildSettings = {
				ASSETCATALOG_COMPILER_APPICON_NAME = AppIcon;
				ASSETCATALOG_COMPILER_GLOBAL_ACCENT_COLOR_NAME = AccentColor;
				CODE_SIGN_STYLE = Automatic;
				CURRENT_PROJECT_VERSION = 1;
				DEVELOPMENT_ASSET_PATHS = "\"Assignment2/Preview Content\"";
				ENABLE_PREVIEWS = YES;
				GENERATE_INFOPLIST_FILE = YES;
				INFOPLIST_KEY_UIApplicationSceneManifest_Generation = YES;
				INFOPLIST_KEY_UIApplicationSupportsIndirectInputEvents = YES;
				INFOPLIST_KEY_UILaunchScreen_Generation = YES;
				INFOPLIST_KEY_UISupportedInterfaceOrientations_iPad = "UIInterfaceOrientationPortrait UIInterfaceOrientationPortraitUpsideDown UIInterfaceOrientationLandscapeLeft UIInterfaceOrientationLandscapeRight";
				INFOPLIST_KEY_UISupportedInterfaceOrientations_iPhone = "UIInterfaceOrientationPortrait UIInterfaceOrientationLandscapeLeft UIInterfaceOrientationLandscapeRight";
				LD_RUNPATH_SEARCH_PATHS = (
					"$(inherited)",
					"@executable_path/Frameworks",
				);
				MARKETING_VERSION = 1.0;
				PRODUCT_BUNDLE_IDENTIFIER = com.yaksh.EmployeeProject;
				PRODUCT_NAME = "$(TARGET_NAME)";
				SWIFT_EMIT_LOC_STRINGS = YES;
				SWIFT_VERSION = 5.0;
				TARGETED_DEVICE_FAMILY = "1,2";
			};
			name = Debug;
		};
		B9D564582BC3FA250082A283 /* Release */ = {
			isa = XCBuildConfiguration;
			buildSettings = {
				ASSETCATALOG_COMPILER_APPICON_NAME = AppIcon;
				ASSETCATALOG_COMPILER_GLOBAL_ACCENT_COLOR_NAME = AccentColor;
				CODE_SIGN_STYLE = Automatic;
				CURRENT_PROJECT_VERSION = 1;
				DEVELOPMENT_ASSET_PATHS = "\"Assignment2/Preview Content\"";
				ENABLE_PREVIEWS = YES;
				GENERATE_INFOPLIST_FILE = YES;
				INFOPLIST_KEY_UIApplicationSceneManifest_Generation = YES;
				INFOPLIST_KEY_UIApplicationSupportsIndirectInputEvents = YES;
				INFOPLIST_KEY_UILaunchScreen_Generation = YES;
				INFOPLIST_KEY_UISupportedInterfaceOrientations_iPad = "UIInterfaceOrientationPortrait UIInterfaceOrientationPortraitUpsideDown UIInterfaceOrientationLandscapeLeft UIInterfaceOrientationLandscapeRight";
				INFOPLIST_KEY_UISupportedInterfaceOrientations_iPhone = "UIInterfaceOrientationPortrait UIInterfaceOrientationLandscapeLeft UIInterfaceOrientationLandscapeRight";
				LD_RUNPATH_SEARCH_PATHS = (
					"$(inherited)",
					"@executable_path/Frameworks",
				);
				MARKETING_VERSION = 1.0;
				PRODUCT_BUNDLE_IDENTIFIER = com.yaksh.EmployeeProject;
				PRODUCT_NAME = "$(TARGET_NAME)";
				SWIFT_EMIT_LOC_STRINGS = YES;
				SWIFT_VERSION = 5.0;
				TARGETED_DEVICE_FAMILY = "1,2";
			};
			name = Release;
		};
/* End XCBuildConfiguration section */

/* Begin XCConfigurationList section */
		B9D564432BC3FA230082A283 /* Build configuration list for PBXProject "Assignment2" */ = {
			isa = XCConfigurationList;
			buildConfigurations = (
				B9D564542BC3FA250082A283 /* Debug */,
				B9D564552BC3FA250082A283 /* Release */,
			);
			defaultConfigurationIsVisible = 0;
			defaultConfigurationName = Release;
		};
		B9D564562BC3FA250082A283 /* Build configuration list for PBXNativeTarget "Assignment2" */ = {
			isa = XCConfigurationList;
			buildConfigurations = (
				B9D564572BC3FA250082A283 /* Debug */,
				B9D564582BC3FA250082A283 /* Release */,
			);
			defaultConfigurationIsVisible = 0;
			defaultConfigurationName = Release;
		};
/* End XCConfigurationList section */
	};
	rootObject = B9D564402BC3FA230082A283 /* Project object */;
}
